
Microsoft Visual Studio Solution File, Format Version 12.00
# Visual Studio 14
VisualStudioVersion = 14.0.25420.1
MinimumVisualStudioVersion = 10.0.40219.1
Project("{00D1A9C2-B5F0-4AF3-8072-F6C62B433612}") = "HospitalDatabaseDB", "HospitalDatabaseDB\HospitalDatabaseDB.sqlproj", "{E19CB1E9-4074-4D98-A96F-69CB5074BF4F}"
EndProject
Project("{FAE04EC0-301F-11D3-BF4B-00C04F79EFBC}") = "ProjectTeam08HospitalWFA", "ProjectTeam08HospitalWFA\ProjectTeam08HospitalWFA.csproj", "{FB570EF0-D6F9-4FF1-BF45-93A3A6EC2577}"
EndProject
Global
	GlobalSection(SolutionConfigurationPlatforms) = preSolution
		Debug|Any CPU = Debug|Any CPU
		Release|Any CPU = Release|Any CPU
	EndGlobalSection
	GlobalSection(ProjectConfigurationPlatforms) = postSolution
		{E19CB1E9-4074-4D98-A96F-69CB5074BF4F}.Debug|Any CPU.ActiveCfg = Debug|Any CPU
		{E19CB1E9-4074-4D98-A96F-69CB5074BF4F}.Debug|Any CPU.Build.0 = Debug|Any CPU
		{E19CB1E9-4074-4D98-A96F-69CB5074BF4F}.Debug|Any CPU.Deploy.0 = Debug|Any CPU
		{E19CB1E9-4074-4D98-A96F-69CB5074BF4F}.Release|Any CPU.ActiveCfg = Release|Any CPU
		{E19CB1E9-4074-4D98-A96F-69CB5074BF4F}.Release|Any CPU.Build.0 = Release|Any CPU
		{E19CB1E9-4074-4D98-A96F-69CB5074BF4F}.Release|Any CPU.Deploy.0 = Release|Any CPU
		{FB570EF0-D6F9-4FF1-BF45-93A3A6EC2577}.Debug|Any CPU.ActiveCfg = Debug|Any CPU
		{FB570EF0-D6F9-4FF1-BF45-93A3A6EC2577}.Debug|Any CPU.Build.0 = Debug|Any CPU
		{FB570EF0-D6F9-4FF1-BF45-93A3A6EC2577}.Release|Any CPU.ActiveCfg = Release|Any CPU
		{FB570EF0-D6F9-4FF1-BF45-93A3A6EC2577}.Release|Any CPU.Build.0 = Release|Any CPU
	EndGlobalSection
	GlobalSection(SolutionProperties) = preSolution
		HideSolutionNode = FALSE
	EndGlobalSection
EndGlobal
